
Microsoft Visual Studio Solution File, Format Version 12.00
# Visual Studio 15
VisualStudioVersion = 15.0.28307.168
MinimumVisualStudioVersion = 10.0.40219.1
Project("{FAE04EC0-301F-11D3-BF4B-00C04F79EFBC}") = "ASPNetCoreIdentity", "ASPNetCoreIdentity\ASPNetCoreIdentity.csproj", "{79F6558B-EBEA-444F-BA21-0987D75D51F0}"
EndProject
Global
	GlobalSection(SolutionConfigurationPlatforms) = preSolution
		Debug|Any CPU = Debug|Any CPU
		Release|Any CPU = Release|Any CPU
	EndGlobalSection
	GlobalSection(ProjectConfigurationPlatforms) = postSolution
		{79F6558B-EBEA-444F-BA21-0987D75D51F0}.Debug|Any CPU.ActiveCfg = Debug|Any CPU
		{79F6558B-EBEA-444F-BA21-0987D75D51F0}.Debug|Any CPU.Build.0 = Debug|Any CPU
		{79F6558B-EBEA-444F-BA21-0987D75D51F0}.Release|Any CPU.ActiveCfg = Release|Any CPU
		{79F6558B-EBEA-444F-BA21-0987D75D51F0}.Release|Any CPU.Build.0 = Release|Any CPU
	EndGlobalSection
	GlobalSection(SolutionProperties) = preSolution
		HideSolutionNode = FALSE
	EndGlobalSection
	GlobalSection(ExtensibilityGlobals) = postSolution
		SolutionGuid = {78730B3C-E66C-4D30-8FDD-5F9C313F0751}
	EndGlobalSection
EndGlobal
